
Microsoft Visual Studio Solution File, Format Version 12.00
# Visual Studio 14
VisualStudioVersion = 14.0.25420.1
MinimumVisualStudioVersion = 10.0.40219.1
Project("{FAE04EC0-301F-11D3-BF4B-00C04F79EFBC}") = "SignaturePadPoc.Android", "SignaturePadPoc\SignaturePadPoc.Android\SignaturePadPoc.Android.csproj", "{4BDFD058-8F08-406F-B61A-CBD79F50AD6D}"
EndProject
Project("{FAE04EC0-301F-11D3-BF4B-00C04F79EFBC}") = "SignaturePadPoc", "SignaturePadPoc\SignaturePadPoc\SignaturePadPoc.csproj", "{20B2D129-EE07-4D7B-9787-9E579DE1DAA6}"
EndProject
Project("{FAE04EC0-301F-11D3-BF4B-00C04F79EFBC}") = "SignaturePadPoc.UWP", "SignaturePadPoc\SignaturePadPoc.UWP\SignaturePadPoc.UWP.csproj", "{6A3C4764-8443-4AC2-B4C4-4DC9609E154E}"
EndProject
Project("{FAE04EC0-301F-11D3-BF4B-00C04F79EFBC}") = "SignaturePadPoc.iOS", "SignaturePadPoc\SignaturePadPoc.iOS\SignaturePadPoc.iOS.csproj", "{D4FBCE70-796B-426C-8499-6F89C034CD61}"
EndProject
Global
	GlobalSection(SolutionConfigurationPlatforms) = preSolution
		Ad-Hoc|Any CPU = Ad-Hoc|Any CPU
		Ad-Hoc|ARM = Ad-Hoc|ARM
		Ad-Hoc|iPhone = Ad-Hoc|iPhone
		Ad-Hoc|iPhoneSimulator = Ad-Hoc|iPhoneSimulator
		Ad-Hoc|x64 = Ad-Hoc|x64
		Ad-Hoc|x86 = Ad-Hoc|x86
		AppStore|Any CPU = AppStore|Any CPU
		AppStore|ARM = AppStore|ARM
		AppStore|iPhone = AppStore|iPhone
		AppStore|iPhoneSimulator = AppStore|iPhoneSimulator
		AppStore|x64 = AppStore|x64
		AppStore|x86 = AppStore|x86
		Debug|Any CPU = Debug|Any CPU
		Debug|ARM = Debug|ARM
		Debug|iPhone = Debug|iPhone
		Debug|iPhoneSimulator = Debug|iPhoneSimulator
		Debug|x64 = Debug|x64
		Debug|x86 = Debug|x86
		Release|Any CPU = Release|Any CPU
		Release|ARM = Release|ARM
		Release|iPhone = Release|iPhone
		Release|iPhoneSimulator = Release|iPhoneSimulator
		Release|x64 = Release|x64
		Release|x86 = Release|x86
	EndGlobalSection
	GlobalSection(ProjectConfigurationPlatforms) = postSolution
		{4BDFD058-8F08-406F-B61A-CBD79F50AD6D}.Ad-Hoc|Any CPU.ActiveCfg = Release|Any CPU
		{4BDFD058-8F08-406F-B61A-CBD79F50AD6D}.Ad-Hoc|Any CPU.Build.0 = Release|Any CPU
		{4BDFD058-8F08-406F-B61A-CBD79F50AD6D}.Ad-Hoc|Any CPU.Deploy.0 = Release|Any CPU
		{4BDFD058-8F08-406F-B61A-CBD79F50AD6D}.Ad-Hoc|ARM.ActiveCfg = Release|Any CPU
		{4BDFD058-8F08-406F-B61A-CBD79F50AD6D}.Ad-Hoc|ARM.Build.0 = Release|Any CPU
		{4BDFD058-8F08-406F-B61A-CBD79F50AD6D}.Ad-Hoc|ARM.Deploy.0 = Release|Any CPU
		{4BDFD058-8F08-406F-B61A-CBD79F50AD6D}.Ad-Hoc|iPhone.ActiveCfg = Release|Any CPU
		{4BDFD058-8F08-406F-B61A-CBD79F50AD6D}.Ad-Hoc|iPhone.Build.0 = Release|Any CPU
		{4BDFD058-8F08-406F-B61A-CBD79F50AD6D}.Ad-Hoc|iPhone.Deploy.0 = Release|Any CPU
		{4BDFD058-8F08-406F-B61A-CBD79F50AD6D}.Ad-Hoc|iPhoneSimulator.ActiveCfg = Release|Any CPU
		{4BDFD058-8F08-406F-B61A-CBD79F50AD6D}.Ad-Hoc|iPhoneSimulator.Build.0 = Release|Any CPU
		{4BDFD058-8F08-406F-B61A-CBD79F50AD6D}.Ad-Hoc|iPhoneSimulator.Deploy.0 = Release|Any CPU
		{4BDFD058-8F08-406F-B61A-CBD79F50AD6D}.Ad-Hoc|x64.ActiveCfg = Release|Any CPU
		{4BDFD058-8F08-406F-B61A-CBD79F50AD6D}.Ad-Hoc|x64.Build.0 = Release|Any CPU
		{4BDFD058-8F08-406F-B61A-CBD79F50AD6D}.Ad-Hoc|x64.Deploy.0 = Release|Any CPU
		{4BDFD058-8F08-406F-B61A-CBD79F50AD6D}.Ad-Hoc|x86.ActiveCfg = Release|Any CPU
		{4BDFD058-8F08-406F-B61A-CBD79F50AD6D}.Ad-Hoc|x86.Build.0 = Release|Any CPU
		{4BDFD058-8F08-406F-B61A-CBD79F50AD6D}.Ad-Hoc|x86.Deploy.0 = Release|Any CPU
		{4BDFD058-8F08-406F-B61A-CBD79F50AD6D}.AppStore|Any CPU.ActiveCfg = Release|Any CPU
		{4BDFD058-8F08-406F-B61A-CBD79F50AD6D}.AppStore|Any CPU.Build.0 = Release|Any CPU
		{4BDFD058-8F08-406F-B61A-CBD79F50AD6D}.AppStore|Any CPU.Deploy.0 = Release|Any CPU
		{4BDFD058-8F08-406F-B61A-CBD79F50AD6D}.AppStore|ARM.ActiveCfg = Release|Any CPU
		{4BDFD058-8F08-406F-B61A-CBD79F50AD6D}.AppStore|ARM.Build.0 = Release|Any CPU
		{4BDFD058-8F08-406F-B61A-CBD79F50AD6D}.AppStore|ARM.Deploy.0 = Release|Any CPU
		{4BDFD058-8F08-406F-B61A-CBD79F50AD6D}.AppStore|iPhone.ActiveCfg = Release|Any CPU
		{4BDFD058-8F08-406F-B61A-CBD79F50AD6D}.AppStore|iPhone.Build.0 = Release|Any CPU
		{4BDFD058-8F08-406F-B61A-CBD79F50AD6D}.AppStore|iPhone.Deploy.0 = Release|Any CPU
		{4BDFD058-8F08-406F-B61A-CBD79F50AD6D}.AppStore|iPhoneSimulator.ActiveCfg = Release|Any CPU
		{4BDFD058-8F08-406F-B61A-CBD79F50AD6D}.AppStore|iPhoneSimulator.Build.0 = Release|Any CPU
		{4BDFD058-8F08-406F-B61A-CBD79F50AD6D}.AppStore|iPhoneSimulator.Deploy.0 = Release|Any CPU
		{4BDFD058-8F08-406F-B61A-CBD79F50AD6D}.AppStore|x64.ActiveCfg = Release|Any CPU
		{4BDFD058-8F08-406F-B61A-CBD79F50AD6D}.AppStore|x64.Build.0 = Release|Any CPU
		{4BDFD058-8F08-406F-B61A-CBD79F50AD6D}.AppStore|x64.Deploy.0 = Release|Any CPU
		{4BDFD058-8F08-406F-B61A-CBD79F50AD6D}.AppStore|x86.ActiveCfg = Release|Any CPU
		{4BDFD058-8F08-406F-B61A-CBD79F50AD6D}.AppStore|x86.Build.0 = Release|Any CPU
		{4BDFD058-8F08-406F-B61A-CBD79F50AD6D}.AppStore|x86.Deploy.0 = Release|Any CPU
		{4BDFD058-8F08-406F-B61A-CBD79F50AD6D}.Debug|Any CPU.ActiveCfg = Debug|Any CPU
		{4BDFD058-8F08-406F-B61A-CBD79F50AD6D}.Debug|Any CPU.Build.0 = Debug|Any CPU
		{4BDFD058-8F08-406F-B61A-CBD79F50AD6D}.Debug|Any CPU.Deploy.0 = Debug|Any CPU
		{4BDFD058-8F08-406F-B61A-CBD79F50AD6D}.Debug|ARM.ActiveCfg = Debug|Any CPU
		{4BDFD058-8F08-406F-B61A-CBD79F50AD6D}.Debug|ARM.Build.0 = Debug|Any CPU
		{4BDFD058-8F08-406F-B61A-CBD79F50AD6D}.Debug|ARM.Deploy.0 = Debug|Any CPU
		{4BDFD058-8F08-406F-B61A-CBD79F50AD6D}.Debug|iPhone.ActiveCfg = Debug|Any CPU
		{4BDFD058-8F08-406F-B61A-CBD79F50AD6D}.Debug|iPhone.Build.0 = Debug|Any CPU
		{4BDFD058-8F08-406F-B61A-CBD79F50AD6D}.Debug|iPhone.Deploy.0 = Debug|Any CPU
		{4BDFD058-8F08-406F-B61A-CBD79F50AD6D}.Debug|iPhoneSimulator.ActiveCfg = Debug|Any CPU
		{4BDFD058-8F08-406F-B61A-CBD79F50AD6D}.Debug|iPhoneSimulator.Build.0 = Debug|Any CPU
		{4BDFD058-8F08-406F-B61A-CBD79F50AD6D}.Debug|iPhoneSimulator.Deploy.0 = Debug|Any CPU
		{4BDFD058-8F08-406F-B61A-CBD79F50AD6D}.Debug|x64.ActiveCfg = Debug|Any CPU
		{4BDFD058-8F08-406F-B61A-CBD79F50AD6D}.Debug|x64.Build.0 = Debug|Any CPU
		{4BDFD058-8F08-406F-B61A-CBD79F50AD6D}.Debug|x64.Deploy.0 = Debug|Any CPU
		{4BDFD058-8F08-406F-B61A-CBD79F50AD6D}.Debug|x86.ActiveCfg = Debug|Any CPU
		{4BDFD058-8F08-406F-B61A-CBD79F50AD6D}.Debug|x86.Build.0 = Debug|Any CPU
		{4BDFD058-8F08-406F-B61A-CBD79F50AD6D}.Debug|x86.Deploy.0 = Debug|Any CPU
		{4BDFD058-8F08-406F-B61A-CBD79F50AD6D}.Release|Any CPU.ActiveCfg = Release|Any CPU
		{4BDFD058-8F08-406F-B61A-CBD79F50AD6D}.Release|Any CPU.Build.0 = Release|Any CPU
		{4BDFD058-8F08-406F-B61A-CBD79F50AD6D}.Release|Any CPU.Deploy.0 = Release|Any CPU
		{4BDFD058-8F08-406F-B61A-CBD79F50AD6D}.Release|ARM.ActiveCfg = Release|Any CPU
		{4BDFD058-8F08-406F-B61A-CBD79F50AD6D}.Release|ARM.Build.0 = Release|Any CPU
		{4BDFD058-8F08-406F-B61A-CBD79F50AD6D}.Release|ARM.Deploy.0 = Release|Any CPU
		{4BDFD058-8F08-406F-B61A-CBD79F50AD6D}.Release|iPhone.ActiveCfg = Release|Any CPU
		{4BDFD058-8F08-406F-B61A-CBD79F50AD6D}.Release|iPhone.Build.0 = Release|Any CPU
		{4BDFD058-8F08-406F-B61A-CBD79F50AD6D}.Release|iPhone.Deploy.0 = Release|Any CPU
		{4BDFD058-8F08-406F-B61A-CBD79F50AD6D}.Release|iPhoneSimulator.ActiveCfg = Release|Any CPU
		{4BDFD058-8F08-406F-B61A-CBD79F50AD6D}.Release|iPhoneSimulator.Build.0 = Release|Any CPU
		{4BDFD058-8F08-406F-B61A-CBD79F50AD6D}.Release|iPhoneSimulator.Deploy.0 = Release|Any CPU
		{4BDFD058-8F08-406F-B61A-CBD79F50AD6D}.Release|x64.ActiveCfg = Release|Any CPU
		{4BDFD058-8F08-406F-B61A-CBD79F50AD6D}.Release|x64.Build.0 = Release|Any CPU
		{4BDFD058-8F08-406F-B61A-CBD79F50AD6D}.Release|x64.Deploy.0 = Release|Any CPU
		{4BDFD058-8F08-406F-B61A-CBD79F50AD6D}.Release|x86.ActiveCfg = Release|Any CPU
		{4BDFD058-8F08-406F-B61A-CBD79F50AD6D}.Release|x86.Build.0 = Release|Any CPU
		{4BDFD058-8F08-406F-B61A-CBD79F50AD6D}.Release|x86.Deploy.0 = Release|Any CPU
		{20B2D129-EE07-4D7B-9787-9E579DE1DAA6}.Ad-Hoc|Any CPU.ActiveCfg = Release|Any CPU
		{20B2D129-EE07-4D7B-9787-9E579DE1DAA6}.Ad-Hoc|Any CPU.Build.0 = Release|Any CPU
		{20B2D129-EE07-4D7B-9787-9E579DE1DAA6}.Ad-Hoc|ARM.ActiveCfg = Release|Any CPU
		{20B2D129-EE07-4D7B-9787-9E579DE1DAA6}.Ad-Hoc|ARM.Build.0 = Release|Any CPU
		{20B2D129-EE07-4D7B-9787-9E579DE1DAA6}.Ad-Hoc|iPhone.ActiveCfg = Release|Any CPU
		{20B2D129-EE07-4D7B-9787-9E579DE1DAA6}.Ad-Hoc|iPhone.Build.0 = Release|Any CPU
		{20B2D129-EE07-4D7B-9787-9E579DE1DAA6}.Ad-Hoc|iPhoneSimulator.ActiveCfg = Release|Any CPU
		{20B2D129-EE07-4D7B-9787-9E579DE1DAA6}.Ad-Hoc|iPhoneSimulator.Build.0 = Release|Any CPU
		{20B2D129-EE07-4D7B-9787-9E579DE1DAA6}.Ad-Hoc|x64.ActiveCfg = Release|Any CPU
		{20B2D129-EE07-4D7B-9787-9E579DE1DAA6}.Ad-Hoc|x64.Build.0 = Release|Any CPU
		{20B2D129-EE07-4D7B-9787-9E579DE1DAA6}.Ad-Hoc|x86.ActiveCfg = Release|Any CPU
		{20B2D129-EE07-4D7B-9787-9E579DE1DAA6}.Ad-Hoc|x86.Build.0 = Release|Any CPU
		{20B2D129-EE07-4D7B-9787-9E579DE1DAA6}.AppStore|Any CPU.ActiveCfg = Release|Any CPU
		{20B2D129-EE07-4D7B-9787-9E579DE1DAA6}.AppStore|Any CPU.Build.0 = Release|Any CPU
		{20B2D129-EE07-4D7B-9787-9E579DE1DAA6}.AppStore|ARM.ActiveCfg = Release|Any CPU
		{20B2D129-EE07-4D7B-9787-9E579DE1DAA6}.AppStore|ARM.Build.0 = Release|Any CPU
		{20B2D129-EE07-4D7B-9787-9E579DE1DAA6}.AppStore|iPhone.ActiveCfg = Release|Any CPU
		{20B2D129-EE07-4D7B-9787-9E579DE1DAA6}.AppStore|iPhone.Build.0 = Release|Any CPU
		{20B2D129-EE07-4D7B-9787-9E579DE1DAA6}.AppStore|iPhoneSimulator.ActiveCfg = Release|Any CPU
		{20B2D129-EE07-4D7B-9787-9E579DE1DAA6}.AppStore|iPhoneSimulator.Build.0 = Release|Any CPU
		{20B2D129-EE07-4D7B-9787-9E579DE1DAA6}.AppStore|x64.ActiveCfg = Release|Any CPU
		{20B2D129-EE07-4D7B-9787-9E579DE1DAA6}.AppStore|x64.Build.0 = Release|Any CPU
		{20B2D129-EE07-4D7B-9787-9E579DE1DAA6}.AppStore|x86.ActiveCfg = Release|Any CPU
		{20B2D129-EE07-4D7B-9787-9E579DE1DAA6}.AppStore|x86.Build.0 = Release|Any CPU
		{20B2D129-EE07-4D7B-9787-9E579DE1DAA6}.Debug|Any CPU.ActiveCfg = Debug|Any CPU
		{20B2D129-EE07-4D7B-9787-9E579DE1DAA6}.Debug|Any CPU.Build.0 = Debug|Any CPU
		{20B2D129-EE07-4D7B-9787-9E579DE1DAA6}.Debug|ARM.ActiveCfg = Debug|Any CPU
		{20B2D129-EE07-4D7B-9787-9E579DE1DAA6}.Debug|ARM.Build.0 = Debug|Any CPU
		{20B2D129-EE07-4D7B-9787-9E579DE1DAA6}.Debug|iPhone.ActiveCfg = Debug|Any CPU
		{20B2D129-EE07-4D7B-9787-9E579DE1DAA6}.Debug|iPhone.Build.0 = Debug|Any CPU
		{20B2D129-EE07-4D7B-9787-9E579DE1DAA6}.Debug|iPhoneSimulator.ActiveCfg = Debug|Any CPU
		{20B2D129-EE07-4D7B-9787-9E579DE1DAA6}.Debug|iPhoneSimulator.Build.0 = Debug|Any CPU
		{20B2D129-EE07-4D7B-9787-9E579DE1DAA6}.Debug|x64.ActiveCfg = Debug|Any CPU
		{20B2D129-EE07-4D7B-9787-9E579DE1DAA6}.Debug|x64.Build.0 = Debug|Any CPU
		{20B2D129-EE07-4D7B-9787-9E579DE1DAA6}.Debug|x86.ActiveCfg = Debug|Any CPU
		{20B2D129-EE07-4D7B-9787-9E579DE1DAA6}.Debug|x86.Build.0 = Debug|Any CPU
		{20B2D129-EE07-4D7B-9787-9E579DE1DAA6}.Release|Any CPU.ActiveCfg = Release|Any CPU
		{20B2D129-EE07-4D7B-9787-9E579DE1DAA6}.Release|Any CPU.Build.0 = Release|Any CPU
		{20B2D129-EE07-4D7B-9787-9E579DE1DAA6}.Release|ARM.ActiveCfg = Release|Any CPU
		{20B2D129-EE07-4D7B-9787-9E579DE1DAA6}.Release|ARM.Build.0 = Release|Any CPU
		{20B2D129-EE07-4D7B-9787-9E579DE1DAA6}.Release|iPhone.ActiveCfg = Release|Any CPU
		{20B2D129-EE07-4D7B-9787-9E579DE1DAA6}.Release|iPhone.Build.0 = Release|Any CPU
		{20B2D129-EE07-4D7B-9787-9E579DE1DAA6}.Release|iPhoneSimulator.ActiveCfg = Release|Any CPU
		{20B2D129-EE07-4D7B-9787-9E579DE1DAA6}.Release|iPhoneSimulator.Build.0 = Release|Any CPU
		{20B2D129-EE07-4D7B-9787-9E579DE1DAA6}.Release|x64.ActiveCfg = Release|Any CPU
		{20B2D129-EE07-4D7B-9787-9E579DE1DAA6}.Release|x64.Build.0 = Release|Any CPU
		{20B2D129-EE07-4D7B-9787-9E579DE1DAA6}.Release|x86.ActiveCfg = Release|Any CPU
		{20B2D129-EE07-4D7B-9787-9E579DE1DAA6}.Release|x86.Build.0 = Release|Any CPU
		{6A3C4764-8443-4AC2-B4C4-4DC9609E154E}.Ad-Hoc|Any CPU.ActiveCfg = Release|x86
		{6A3C4764-8443-4AC2-B4C4-4DC9609E154E}.Ad-Hoc|Any CPU.Build.0 = Release|x86
		{6A3C4764-8443-4AC2-B4C4-4DC9609E154E}.Ad-Hoc|Any CPU.Deploy.0 = Release|x86
		{6A3C4764-8443-4AC2-B4C4-4DC9609E154E}.Ad-Hoc|ARM.ActiveCfg = Release|ARM
		{6A3C4764-8443-4AC2-B4C4-4DC9609E154E}.Ad-Hoc|ARM.Build.0 = Release|ARM
		{6A3C4764-8443-4AC2-B4C4-4DC9609E154E}.Ad-Hoc|ARM.Deploy.0 = Release|ARM
		{6A3C4764-8443-4AC2-B4C4-4DC9609E154E}.Ad-Hoc|iPhone.ActiveCfg = Release|x86
		{6A3C4764-8443-4AC2-B4C4-4DC9609E154E}.Ad-Hoc|iPhone.Build.0 = Release|x86
		{6A3C4764-8443-4AC2-B4C4-4DC9609E154E}.Ad-Hoc|iPhone.Deploy.0 = Release|x86
		{6A3C4764-8443-4AC2-B4C4-4DC9609E154E}.Ad-Hoc|iPhoneSimulator.ActiveCfg = Release|x86
		{6A3C4764-8443-4AC2-B4C4-4DC9609E154E}.Ad-Hoc|iPhoneSimulator.Build.0 = Release|x86
		{6A3C4764-8443-4AC2-B4C4-4DC9609E154E}.Ad-Hoc|iPhoneSimulator.Deploy.0 = Release|x86
		{6A3C4764-8443-4AC2-B4C4-4DC9609E154E}.Ad-Hoc|x64.ActiveCfg = Release|x64
		{6A3C4764-8443-4AC2-B4C4-4DC9609E154E}.Ad-Hoc|x64.Build.0 = Release|x64
		{6A3C4764-8443-4AC2-B4C4-4DC9609E154E}.Ad-Hoc|x64.Deploy.0 = Release|x64
		{6A3C4764-8443-4AC2-B4C4-4DC9609E154E}.Ad-Hoc|x86.ActiveCfg = Release|x86
		{6A3C4764-8443-4AC2-B4C4-4DC9609E154E}.Ad-Hoc|x86.Build.0 = Release|x86
		{6A3C4764-8443-4AC2-B4C4-4DC9609E154E}.Ad-Hoc|x86.Deploy.0 = Release|x86
		{6A3C4764-8443-4AC2-B4C4-4DC9609E154E}.AppStore|Any CPU.ActiveCfg = Release|x86
		{6A3C4764-8443-4AC2-B4C4-4DC9609E154E}.AppStore|Any CPU.Build.0 = Release|x86
		{6A3C4764-8443-4AC2-B4C4-4DC9609E154E}.AppStore|Any CPU.Deploy.0 = Release|x86
		{6A3C4764-8443-4AC2-B4C4-4DC9609E154E}.AppStore|ARM.ActiveCfg = Release|ARM
		{6A3C4764-8443-4AC2-B4C4-4DC9609E154E}.AppStore|ARM.Build.0 = Release|ARM
		{6A3C4764-8443-4AC2-B4C4-4DC9609E154E}.AppStore|ARM.Deploy.0 = Release|ARM
		{6A3C4764-8443-4AC2-B4C4-4DC9609E154E}.AppStore|iPhone.ActiveCfg = Release|x86
		{6A3C4764-8443-4AC2-B4C4-4DC9609E154E}.AppStore|iPhone.Build.0 = Release|x86
		{6A3C4764-8443-4AC2-B4C4-4DC9609E154E}.AppStore|iPhone.Deploy.0 = Release|x86
		{6A3C4764-8443-4AC2-B4C4-4DC9609E154E}.AppStore|iPhoneSimulator.ActiveCfg = Release|x86
		{6A3C4764-8443-4AC2-B4C4-4DC9609E154E}.AppStore|iPhoneSimulator.Build.0 = Release|x86
		{6A3C4764-8443-4AC2-B4C4-4DC9609E154E}.AppStore|iPhoneSimulator.Deploy.0 = Release|x86
		{6A3C4764-8443-4AC2-B4C4-4DC9609E154E}.AppStore|x64.ActiveCfg = Release|x64
		{6A3C4764-8443-4AC2-B4C4-4DC9609E154E}.AppStore|x64.Build.0 = Release|x64
		{6A3C4764-8443-4AC2-B4C4-4DC9609E154E}.AppStore|x64.Deploy.0 = Release|x64
		{6A3C4764-8443-4AC2-B4C4-4DC9609E154E}.AppStore|x86.ActiveCfg = Release|x86
		{6A3C4764-8443-4AC2-B4C4-4DC9609E154E}.AppStore|x86.Build.0 = Release|x86
		{6A3C4764-8443-4AC2-B4C4-4DC9609E154E}.AppStore|x86.Deploy.0 = Release|x86
		{6A3C4764-8443-4AC2-B4C4-4DC9609E154E}.Debug|Any CPU.ActiveCfg = Debug|x86
		{6A3C4764-8443-4AC2-B4C4-4DC9609E154E}.Debug|ARM.ActiveCfg = Debug|ARM
		{6A3C4764-8443-4AC2-B4C4-4DC9609E154E}.Debug|ARM.Build.0 = Debug|ARM
		{6A3C4764-8443-4AC2-B4C4-4DC9609E154E}.Debug|ARM.Deploy.0 = Debug|ARM
		{6A3C4764-8443-4AC2-B4C4-4DC9609E154E}.Debug|iPhone.ActiveCfg = Debug|x86
		{6A3C4764-8443-4AC2-B4C4-4DC9609E154E}.Debug|iPhoneSimulator.ActiveCfg = Debug|x86
		{6A3C4764-8443-4AC2-B4C4-4DC9609E154E}.Debug|x64.ActiveCfg = Debug|x64
		{6A3C4764-8443-4AC2-B4C4-4DC9609E154E}.Debug|x64.Build.0 = Debug|x64
		{6A3C4764-8443-4AC2-B4C4-4DC9609E154E}.Debug|x64.Deploy.0 = Debug|x64
		{6A3C4764-8443-4AC2-B4C4-4DC9609E154E}.Debug|x86.ActiveCfg = Debug|x86
		{6A3C4764-8443-4AC2-B4C4-4DC9609E154E}.Debug|x86.Build.0 = Debug|x86
		{6A3C4764-8443-4AC2-B4C4-4DC9609E154E}.Debug|x86.Deploy.0 = Debug|x86
		{6A3C4764-8443-4AC2-B4C4-4DC9609E154E}.Release|Any CPU.ActiveCfg = Release|x86
		{6A3C4764-8443-4AC2-B4C4-4DC9609E154E}.Release|ARM.ActiveCfg = Release|ARM
		{6A3C4764-8443-4AC2-B4C4-4DC9609E154E}.Release|ARM.Build.0 = Release|ARM
		{6A3C4764-8443-4AC2-B4C4-4DC9609E154E}.Release|ARM.Deploy.0 = Release|ARM
		{6A3C4764-8443-4AC2-B4C4-4DC9609E154E}.Release|iPhone.ActiveCfg = Release|x86
		{6A3C4764-8443-4AC2-B4C4-4DC9609E154E}.Release|iPhoneSimulator.ActiveCfg = Release|x86
		{6A3C4764-8443-4AC2-B4C4-4DC9609E154E}.Release|x64.ActiveCfg = Release|x64
		{6A3C4764-8443-4AC2-B4C4-4DC9609E154E}.Release|x64.Build.0 = Release|x64
		{6A3C4764-8443-4AC2-B4C4-4DC9609E154E}.Release|x64.Deploy.0 = Release|x64
		{6A3C4764-8443-4AC2-B4C4-4DC9609E154E}.Release|x86.ActiveCfg = Release|x86
		{6A3C4764-8443-4AC2-B4C4-4DC9609E154E}.Release|x86.Build.0 = Release|x86
		{6A3C4764-8443-4AC2-B4C4-4DC9609E154E}.Release|x86.Deploy.0 = Release|x86
		{D4FBCE70-796B-426C-8499-6F89C034CD61}.Ad-Hoc|Any CPU.ActiveCfg = Ad-Hoc|iPhone
		{D4FBCE70-796B-426C-8499-6F89C034CD61}.Ad-Hoc|ARM.ActiveCfg = Ad-Hoc|iPhone
		{D4FBCE70-796B-426C-8499-6F89C034CD61}.Ad-Hoc|iPhone.ActiveCfg = Ad-Hoc|iPhone
		{D4FBCE70-796B-426C-8499-6F89C034CD61}.Ad-Hoc|iPhone.Build.0 = Ad-Hoc|iPhone
		{D4FBCE70-796B-426C-8499-6F89C034CD61}.Ad-Hoc|iPhoneSimulator.ActiveCfg = Ad-Hoc|iPhoneSimulator
		{D4FBCE70-796B-426C-8499-6F89C034CD61}.Ad-Hoc|iPhoneSimulator.Build.0 = Ad-Hoc|iPhoneSimulator
		{D4FBCE70-796B-426C-8499-6F89C034CD61}.Ad-Hoc|x64.ActiveCfg = Ad-Hoc|iPhone
		{D4FBCE70-796B-426C-8499-6F89C034CD61}.Ad-Hoc|x86.ActiveCfg = Ad-Hoc|iPhone
		{D4FBCE70-796B-426C-8499-6F89C034CD61}.AppStore|Any CPU.ActiveCfg = AppStore|iPhone
		{D4FBCE70-796B-426C-8499-6F89C034CD61}.AppStore|ARM.ActiveCfg = AppStore|iPhone
		{D4FBCE70-796B-426C-8499-6F89C034CD61}.AppStore|iPhone.ActiveCfg = AppStore|iPhone
		{D4FBCE70-796B-426C-8499-6F89C034CD61}.AppStore|iPhone.Build.0 = AppStore|iPhone
		{D4FBCE70-796B-426C-8499-6F89C034CD61}.AppStore|iPhoneSimulator.ActiveCfg = AppStore|iPhoneSimulator
		{D4FBCE70-796B-426C-8499-6F89C034CD61}.AppStore|iPhoneSimulator.Build.0 = AppStore|iPhoneSimulator
		{D4FBCE70-796B-426C-8499-6F89C034CD61}.AppStore|x64.ActiveCfg = AppStore|iPhone
		{D4FBCE70-796B-426C-8499-6F89C034CD61}.AppStore|x86.ActiveCfg = AppStore|iPhone
		{D4FBCE70-796B-426C-8499-6F89C034CD61}.Debug|Any CPU.ActiveCfg = Debug|iPhone
		{D4FBCE70-796B-426C-8499-6F89C034CD61}.Debug|ARM.ActiveCfg = Debug|iPhone
		{D4FBCE70-796B-426C-8499-6F89C034CD61}.Debug|iPhone.ActiveCfg = Debug|iPhone
		{D4FBCE70-796B-426C-8499-6F89C034CD61}.Debug|iPhone.Build.0 = Debug|iPhone
		{D4FBCE70-796B-426C-8499-6F89C034CD61}.Debug|iPhoneSimulator.ActiveCfg = Debug|iPhoneSimulator
		{D4FBCE70-796B-426C-8499-6F89C034CD61}.Debug|iPhoneSimulator.Build.0 = Debug|iPhoneSimulator
		{D4FBCE70-796B-426C-8499-6F89C034CD61}.Debug|x64.ActiveCfg = Debug|iPhone
		{D4FBCE70-796B-426C-8499-6F89C034CD61}.Debug|x86.ActiveCfg = Debug|iPhone
		{D4FBCE70-796B-426C-8499-6F89C034CD61}.Release|Any CPU.ActiveCfg = Release|iPhone
		{D4FBCE70-796B-426C-8499-6F89C034CD61}.Release|ARM.ActiveCfg = Release|iPhone
		{D4FBCE70-796B-426C-8499-6F89C034CD61}.Release|iPhone.ActiveCfg = Release|iPhone
		{D4FBCE70-796B-426C-8499-6F89C034CD61}.Release|iPhone.Build.0 = Release|iPhone
		{D4FBCE70-796B-426C-8499-6F89C034CD61}.Release|iPhoneSimulator.ActiveCfg = Release|iPhoneSimulator
		{D4FBCE70-796B-426C-8499-6F89C034CD61}.Release|iPhoneSimulator.Build.0 = Release|iPhoneSimulator
		{D4FBCE70-796B-426C-8499-6F89C034CD61}.Release|x64.ActiveCfg = Release|iPhone
		{D4FBCE70-796B-426C-8499-6F89C034CD61}.Release|x86.ActiveCfg = Release|iPhone
	EndGlobalSection
	GlobalSection(SolutionProperties) = preSolution
		HideSolutionNode = FALSE
	EndGlobalSection
EndGlobal
